
Microsoft Visual Studio Solution File, Format Version 12.00
# Visual Studio Version 17
VisualStudioVersion = 17.8.34330.188
MinimumVisualStudioVersion = 10.0.40219.1
Project("{FAE04EC0-301F-11D3-BF4B-00C04F79EFBC}") = "MyUnsplash.Server", "MyUnsplash.Server\MyUnsplash.Server.csproj", "{1F37862D-E072-4C74-BCA8-D983543D5AAD}"
EndProject
Project("{54A90642-561A-4BB1-A94E-469ADEE60C69}") = "myunsplash.client", "myunsplash.client\myunsplash.client.esproj", "{DAF555F7-74BB-4B44-B2A6-509005FB9BC6}"
EndProject
Global
	GlobalSection(SolutionConfigurationPlatforms) = preSolution
		Debug|Any CPU = Debug|Any CPU
		Release|Any CPU = Release|Any CPU
	EndGlobalSection
	GlobalSection(ProjectConfigurationPlatforms) = postSolution
		{1F37862D-E072-4C74-BCA8-D983543D5AAD}.Debug|Any CPU.ActiveCfg = Debug|Any CPU
		{1F37862D-E072-4C74-BCA8-D983543D5AAD}.Debug|Any CPU.Build.0 = Debug|Any CPU
		{1F37862D-E072-4C74-BCA8-D983543D5AAD}.Release|Any CPU.ActiveCfg = Release|Any CPU
		{1F37862D-E072-4C74-BCA8-D983543D5AAD}.Release|Any CPU.Build.0 = Release|Any CPU
		{DAF555F7-74BB-4B44-B2A6-509005FB9BC6}.Debug|Any CPU.ActiveCfg = Debug|Any CPU
		{DAF555F7-74BB-4B44-B2A6-509005FB9BC6}.Debug|Any CPU.Build.0 = Debug|Any CPU
		{DAF555F7-74BB-4B44-B2A6-509005FB9BC6}.Debug|Any CPU.Deploy.0 = Debug|Any CPU
		{DAF555F7-74BB-4B44-B2A6-509005FB9BC6}.Release|Any CPU.ActiveCfg = Release|Any CPU
		{DAF555F7-74BB-4B44-B2A6-509005FB9BC6}.Release|Any CPU.Build.0 = Release|Any CPU
		{DAF555F7-74BB-4B44-B2A6-509005FB9BC6}.Release|Any CPU.Deploy.0 = Release|Any CPU
	EndGlobalSection
	GlobalSection(SolutionProperties) = preSolution
		HideSolutionNode = FALSE
	EndGlobalSection
	GlobalSection(ExtensibilityGlobals) = postSolution
		SolutionGuid = {208668A7-926E-4C24-93EB-CED78781B956}
	EndGlobalSection
EndGlobal
